[{<<"merl">>,
  {git,"git://github.com/erlydtl/merl.git",
       {ref,"750b09d44425f435ff579a4d28bf5844bb5b4ef1"}},
  1},
 {<<"getopt">>,
  {git,"https://github.com/jcomellas/getopt.git",
       {ref,"626698975e63866156159661d100785d65eab6f9"}},
  1},
 {<<"eunit_formatters">>,
  {git,"git://github.com/seancribbs/eunit_formatters",
       {ref,"2c73eb6e46b0863f19507857b386a48a53aaf141"}},
  1},
 {<<"providers">>,
  {git,"https://github.com/tsloughter/providers.git",
       {ref,"7563ba7e916d5a35972b25b3aa1945ffe0a8e7a5"}},
  0},
 {<<"erlydtl">>,
  {git,"https://github.com/erlydtl/erlydtl.git",
       {ref,"de00ccf522be8d3f9b0dcb7cd680f83b4fb7267a"}},
  0}].
