[{<<"erlydtl">>,
  {git,"https://github.com/erlydtl/erlydtl.git",
       {ref,"5ac24d1e4083dfcb287ede74cc752ebdcda706a2"}},
  0},
 {<<"eunit_formatters">>,
  {git,"git://github.com/seancribbs/eunit_formatters",
       {ref,"2c73eb6e46b0863f19507857b386a48a53aaf141"}},
  1},
 {<<"merl">>,
  {git,"https://github.com/Licenser/merl.git",
       {ref,"1fcb4b03add12f57aa71a991f757bd9794892d7d"}},
  0}].
